
Microsoft Visual Studio Solution File, Format Version 12.00
# Visual Studio Version 17
VisualStudioVersion = 17.4.33103.184
MinimumVisualStudioVersion = 10.0.40219.1
Project("{FAE04EC0-301F-11D3-BF4B-00C04F79EFBC}") = "Task2", "Task2\Task2.csproj", "{55ED12D3-AB59-432E-AD79-842D084A29FE}"
EndProject
Project("{FAE04EC0-301F-11D3-BF4B-00C04F79EFBC}") = "Task3", "Task3\Task3.csproj", "{EE44C24F-36C3-441B-BA09-6AB4808C30EE}"
EndProject
Global
	GlobalSection(SolutionConfigurationPlatforms) = preSolution
		Debug|Any CPU = Debug|Any CPU
		Release|Any CPU = Release|Any CPU
	EndGlobalSection
	GlobalSection(ProjectConfigurationPlatforms) = postSolution
		{55ED12D3-AB59-432E-AD79-842D084A29FE}.Debug|Any CPU.ActiveCfg = Debug|Any CPU
		{55ED12D3-AB59-432E-AD79-842D084A29FE}.Debug|Any CPU.Build.0 = Debug|Any CPU
		{55ED12D3-AB59-432E-AD79-842D084A29FE}.Release|Any CPU.ActiveCfg = Release|Any CPU
		{55ED12D3-AB59-432E-AD79-842D084A29FE}.Release|Any CPU.Build.0 = Release|Any CPU
		{EE44C24F-36C3-441B-BA09-6AB4808C30EE}.Debug|Any CPU.ActiveCfg = Debug|Any CPU
		{EE44C24F-36C3-441B-BA09-6AB4808C30EE}.Debug|Any CPU.Build.0 = Debug|Any CPU
		{EE44C24F-36C3-441B-BA09-6AB4808C30EE}.Release|Any CPU.ActiveCfg = Release|Any CPU
		{EE44C24F-36C3-441B-BA09-6AB4808C30EE}.Release|Any CPU.Build.0 = Release|Any CPU
	EndGlobalSection
	GlobalSection(SolutionProperties) = preSolution
		HideSolutionNode = FALSE
	EndGlobalSection
	GlobalSection(ExtensibilityGlobals) = postSolution
		SolutionGuid = {754DBCEF-B295-4D78-A893-AAA85FF9FCF8}
	EndGlobalSection
EndGlobal
